// !$*UTF8*$!
{
	archiveVersion = 1;
	classes = {
	};
	objectVersion = 56;
	objects = {

/* Begin PBXBuildFile section */
		895514442A94C06C00594A42 /* FirebaseAnalytics in Frameworks */ = {isa = PBXBuildFile; productRef = 895514432A94C06C00594A42 /* FirebaseAnalytics */; };
		895514462A94C06C00594A42 /* FirebaseAnalyticsSwift in Frameworks */ = {isa = PBXBuildFile; productRef = 895514452A94C06C00594A42 /* FirebaseAnalyticsSwift */; };
		895514482A94C06C00594A42 /* FirebaseAuth in Frameworks */ = {isa = PBXBuildFile; productRef = 895514472A94C06C00594A42 /* FirebaseAuth */; };
		8955144A2A94C06C00594A42 /* FirebaseCrashlytics in Frameworks */ = {isa = PBXBuildFile; productRef = 895514492A94C06C00594A42 /* FirebaseCrashlytics */; };
		8955144C2A94C06C00594A42 /* FirebaseDatabase in Frameworks */ = {isa = PBXBuildFile; productRef = 8955144B2A94C06C00594A42 /* FirebaseDatabase */; };
		8955144E2A94C06C00594A42 /* FirebaseDatabaseSwift in Frameworks */ = {isa = PBXBuildFile; productRef = 8955144D2A94C06C00594A42 /* FirebaseDatabaseSwift */; };
		895514502A94C06C00594A42 /* FirebaseFirestore in Frameworks */ = {isa = PBXBuildFile; productRef = 8955144F2A94C06C00594A42 /* FirebaseFirestore */; };
		895514522A94C06C00594A42 /* FirebaseFirestoreSwift in Frameworks */ = {isa = PBXBuildFile; productRef = 895514512A94C06C00594A42 /* FirebaseFirestoreSwift */; };
		895514542A94C06C00594A42 /* FirebaseRemoteConfig in Frameworks */ = {isa = PBXBuildFile; productRef = 895514532A94C06C00594A42 /* FirebaseRemoteConfig */; };
		895514562A94C06C00594A42 /* FirebaseRemoteConfigSwift in Frameworks */ = {isa = PBXBuildFile; productRef = 895514552A94C06C00594A42 /* FirebaseRemoteConfigSwift */; };
		8955145C2A94C20700594A42 /* GoogleService-Info.plist in Resources */ = {isa = PBXBuildFile; fileRef = 8955145B2A94C20700594A42 /* GoogleService-Info.plist */; };
		C7C982642A67E90E0092B237 /* FamilyBudgetApp.swift in Sources */ = {isa = PBXBuildFile; fileRef = C7C982632A67E90E0092B237 /* FamilyBudgetApp.swift */; };
		C7C982662A67E90E0092B237 /* ContentView.swift in Sources */ = {isa = PBXBuildFile; fileRef = C7C982652A67E90E0092B237 /* ContentView.swift */; };
		C7C982682A67E90F0092B237 /* Assets.xcassets in Resources */ = {isa = PBXBuildFile; fileRef = C7C982672A67E90F0092B237 /* Assets.xcassets */; };
		C7C9826B2A67E90F0092B237 /* Preview Assets.xcassets in Resources */ = {isa = PBXBuildFile; fileRef = C7C9826A2A67E90F0092B237 /* Preview Assets.xcassets */; };
		C7C982752A67E90F0092B237 /* FamilyBudgetTests.swift in Sources */ = {isa = PBXBuildFile; fileRef = C7C982742A67E90F0092B237 /* FamilyBudgetTests.swift */; };
		C7C9827F2A67E90F0092B237 /* FamilyBudgetUITests.swift in Sources */ = {isa = PBXBuildFile; fileRef = C7C9827E2A67E90F0092B237 /* FamilyBudgetUITests.swift */; };
		C7C982812A67E90F0092B237 /* FamilyBudgetUITestsLaunchTests.swift in Sources */ = {isa = PBXBuildFile; fileRef = C7C982802A67E90F0092B237 /* FamilyBudgetUITestsLaunchTests.swift */; };
/* End PBXBuildFile section */

/* Begin PBXContainerItemProxy section */
		C7C982712A67E90F0092B237 /* PBXContainerItemProxy */ = {
			isa = PBXContainerItemProxy;
			containerPortal = C7C982582A67E90E0092B237 /* Project object */;
			proxyType = 1;
			remoteGlobalIDString = C7C9825F2A67E90E0092B237;
			remoteInfo = FamilyBudget;
		};
		C7C9827B2A67E90F0092B237 /* PBXContainerItemProxy */ = {
			isa = PBXContainerItemProxy;
			containerPortal = C7C982582A67E90E0092B237 /* Project object */;
			proxyType = 1;
			remoteGlobalIDString = C7C9825F2A67E90E0092B237;
			remoteInfo = FamilyBudget;
		};
/* End PBXContainerItemProxy section */

/* Begin PBXFileReference section */
		8955145B2A94C20700594A42 /* GoogleService-Info.plist */ = {isa = PBXFileReference; fileEncoding = 4; lastKnownFileType = text.plist.xml; path = "GoogleService-Info.plist"; sourceTree = "<group>"; };
		C7C982602A67E90E0092B237 /* FamilyBudget.app */ = {isa = PBXFileReference; explicitFileType = wrapper.application; includeInIndex = 0; path = FamilyBudget.app; sourceTree = BUILT_PRODUCTS_DIR; };
		C7C982632A67E90E0092B237 /* FamilyBudgetApp.swift */ = {isa = PBXFileReference; lastKnownFileType = sourcecode.swift; path = FamilyBudgetApp.swift; sourceTree = "<group>"; };
		C7C982652A67E90E0092B237 /* ContentView.swift */ = {isa = PBXFileReference; lastKnownFileType = sourcecode.swift; path = ContentView.swift; sourceTree = "<group>"; };
		C7C982672A67E90F0092B237 /* Assets.xcassets */ = {isa = PBXFileReference; lastKnownFileType = folder.assetcatalog; path = Assets.xcassets; sourceTree = "<group>"; };
		C7C9826A2A67E90F0092B237 /* Preview Assets.xcassets */ = {isa = PBXFileReference; lastKnownFileType = folder.assetcatalog; path = "Preview Assets.xcassets"; sourceTree = "<group>"; };
		C7C982702A67E90F0092B237 /* FamilyBudgetTests.xctest */ = {isa = PBXFileReference; explicitFileType = wrapper.cfbundle; includeInIndex = 0; path = FamilyBudgetTests.xctest; sourceTree = BUILT_PRODUCTS_DIR; };
		C7C982742A67E90F0092B237 /* FamilyBudgetTests.swift */ = {isa = PBXFileReference; lastKnownFileType = sourcecode.swift; path = FamilyBudgetTests.swift; sourceTree = "<group>"; };
		C7C9827A2A67E90F0092B237 /* FamilyBudgetUITests.xctest */ = {isa = PBXFileReference; explicitFileType = wrapper.cfbundle; includeInIndex = 0; path = FamilyBudgetUITests.xctest; sourceTree = BUILT_PRODUCTS_DIR; };
		C7C9827E2A67E90F0092B237 /* FamilyBudgetUITests.swift */ = {isa = PBXFileReference; lastKnownFileType = sourcecode.swift; path = FamilyBudgetUITests.swift; sourceTree = "<group>"; };
		C7C982802A67E90F0092B237 /* FamilyBudgetUITestsLaunchTests.swift */ = {isa = PBXFileReference; lastKnownFileType = sourcecode.swift; path = FamilyBudgetUITestsLaunchTests.swift; sourceTree = "<group>"; };
/* End PBXFileReference section */

/* Begin PBXFrameworksBuildPhase section */
		C7C9825D2A67E90E0092B237 /* Frameworks */ = {
			isa = PBXFrameworksBuildPhase;
			buildActionMask = 2147483647;
			files = (
				895514542A94C06C00594A42 /* FirebaseRemoteConfig in Frameworks */,
				8955144E2A94C06C00594A42 /* FirebaseDatabaseSwift in Frameworks */,
				8955144C2A94C06C00594A42 /* FirebaseDatabase in Frameworks */,
				895514462A94C06C00594A42 /* FirebaseAnalyticsSwift in Frameworks */,
				8955144A2A94C06C00594A42 /* FirebaseCrashlytics in Frameworks */,
				895514482A94C06C00594A42 /* FirebaseAuth in Frameworks */,
				895514442A94C06C00594A42 /* FirebaseAnalytics in Frameworks */,
				895514562A94C06C00594A42 /* FirebaseRemoteConfigSwift in Frameworks */,
				895514502A94C06C00594A42 /* FirebaseFirestore in Frameworks */,
				895514522A94C06C00594A42 /* FirebaseFirestoreSwift in Frameworks */,
			);
			runOnlyForDeploymentPostprocessing = 0;
		};
		C7C9826D2A67E90F0092B237 /* Frameworks */ = {
			isa = PBXFrameworksBuildPhase;
			buildActionMask = 2147483647;
			files = (
			);
			runOnlyForDeploymentPostprocessing = 0;
		};
		C7C982772A67E90F0092B237 /* Frameworks */ = {
			isa = PBXFrameworksBuildPhase;
			buildActionMask = 2147483647;
			files = (
			);
			runOnlyForDeploymentPostprocessing = 0;
		};
/* End PBXFrameworksBuildPhase section */

/* Begin PBXGroup section */
		895514572A94C19D00594A42 /* Miscellaneous */ = {
			isa = PBXGroup;
			children = (
				895514582A94C1E800594A42 /* Firebase */,
			);
			path = Miscellaneous;
			sourceTree = "<group>";
		};
		895514582A94C1E800594A42 /* Firebase */ = {
			isa = PBXGroup;
			children = (
				8955145B2A94C20700594A42 /* GoogleService-Info.plist */,
			);
			path = Firebase;
			sourceTree = "<group>";
		};
		C7C982572A67E90E0092B237 = {
			isa = PBXGroup;
			children = (
				C7C982622A67E90E0092B237 /* FamilyBudget */,
				C7C982732A67E90F0092B237 /* FamilyBudgetTests */,
				C7C9827D2A67E90F0092B237 /* FamilyBudgetUITests */,
				C7C982612A67E90E0092B237 /* Products */,
			);
			sourceTree = "<group>";
		};
		C7C982612A67E90E0092B237 /* Products */ = {
			isa = PBXGroup;
			children = (
				C7C982602A67E90E0092B237 /* FamilyBudget.app */,
				C7C982702A67E90F0092B237 /* FamilyBudgetTests.xctest */,
				C7C9827A2A67E90F0092B237 /* FamilyBudgetUITests.xctest */,
			);
			name = Products;
			sourceTree = "<group>";
		};
		C7C982622A67E90E0092B237 /* FamilyBudget */ = {
			isa = PBXGroup;
			children = (
				895514572A94C19D00594A42 /* Miscellaneous */,
				C7C982632A67E90E0092B237 /* FamilyBudgetApp.swift */,
				C7C982652A67E90E0092B237 /* ContentView.swift */,
				C7C982672A67E90F0092B237 /* Assets.xcassets */,
				C7C982692A67E90F0092B237 /* Preview Content */,
			);
			path = FamilyBudget;
			sourceTree = "<group>";
		};
		C7C982692A67E90F0092B237 /* Preview Content */ = {
			isa = PBXGroup;
			children = (
				C7C9826A2A67E90F0092B237 /* Preview Assets.xcassets */,
			);
			path = "Preview Content";
			sourceTree = "<group>";
		};
		C7C982732A67E90F0092B237 /* FamilyBudgetTests */ = {
			isa = PBXGroup;
			children = (
				C7C982742A67E90F0092B237 /* FamilyBudgetTests.swift */,
			);
			path = FamilyBudgetTests;
			sourceTree = "<group>";
		};
		C7C9827D2A67E90F0092B237 /* FamilyBudgetUITests */ = {
			isa = PBXGroup;
			children = (
				C7C9827E2A67E90F0092B237 /* FamilyBudgetUITests.swift */,
				C7C982802A67E90F0092B237 /* FamilyBudgetUITestsLaunchTests.swift */,
			);
			path = FamilyBudgetUITests;
			sourceTree = "<group>";
		};
/* End PBXGroup section */

/* Begin PBXNativeTarget section */
		C7C9825F2A67E90E0092B237 /* FamilyBudget */ = {
			isa = PBXNativeTarget;
			buildConfigurationList = C7C982842A67E90F0092B237 /* Build configuration list for PBXNativeTarget "FamilyBudget" */;
			buildPhases = (
				C7C9825C2A67E90E0092B237 /* Sources */,
				C7C9825D2A67E90E0092B237 /* Frameworks */,
				C7C9825E2A67E90E0092B237 /* Resources */,
			);
			buildRules = (
			);
			dependencies = (
			);
			name = FamilyBudget;
			packageProductDependencies = (
				895514432A94C06C00594A42 /* FirebaseAnalytics */,
				895514452A94C06C00594A42 /* FirebaseAnalyticsSwift */,
				895514472A94C06C00594A42 /* FirebaseAuth */,
				895514492A94C06C00594A42 /* FirebaseCrashlytics */,
				8955144B2A94C06C00594A42 /* FirebaseDatabase */,
				8955144D2A94C06C00594A42 /* FirebaseDatabaseSwift */,
				8955144F2A94C06C00594A42 /* FirebaseFirestore */,
				895514512A94C06C00594A42 /* FirebaseFirestoreSwift */,
				895514532A94C06C00594A42 /* FirebaseRemoteConfig */,
				895514552A94C06C00594A42 /* FirebaseRemoteConfigSwift */,
			);
			productName = FamilyBudget;
			productReference = C7C982602A67E90E0092B237 /* FamilyBudget.app */;
			productType = "com.apple.product-type.application";
		};
		C7C9826F2A67E90F0092B237 /* FamilyBudgetTests */ = {
			isa = PBXNativeTarget;
			buildConfigurationList = C7C982872A67E90F0092B237 /* Build configuration list for PBXNativeTarget "FamilyBudgetTests" */;
			buildPhases = (
				C7C9826C2A67E90F0092B237 /* Sources */,
				C7C9826D2A67E90F0092B237 /* Frameworks */,
				C7C9826E2A67E90F0092B237 /* Resources */,
			);
			buildRules = (
			);
			dependencies = (
				C7C982722A67E90F0092B237 /* PBXTargetDependency */,
			);
			name = FamilyBudgetTests;
			productName = FamilyBudgetTests;
			productReference = C7C982702A67E90F0092B237 /* FamilyBudgetTests.xctest */;
			productType = "com.apple.product-type.bundle.unit-test";
		};
		C7C982792A67E90F0092B237 /* FamilyBudgetUITests */ = {
			isa = PBXNativeTarget;
			buildConfigurationList = C7C9828A2A67E90F0092B237 /* Build configuration list for PBXNativeTarget "FamilyBudgetUITests" */;
			buildPhases = (
				C7C982762A67E90F0092B237 /* Sources */,
				C7C982772A67E90F0092B237 /* Frameworks */,
				C7C982782A67E90F0092B237 /* Resources */,
			);
			buildRules = (
			);
			dependencies = (
				C7C9827C2A67E90F0092B237 /* PBXTargetDependency */,
			);
			name = FamilyBudgetUITests;
			productName = FamilyBudgetUITests;
			productReference = C7C9827A2A67E90F0092B237 /* FamilyBudgetUITests.xctest */;
			productType = "com.apple.product-type.bundle.ui-testing";
		};
/* End PBXNativeTarget section */

/* Begin PBXProject section */
		C7C982582A67E90E0092B237 /* Project object */ = {
			isa = PBXProject;
			attributes = {
				BuildIndependentTargetsInParallel = 1;
				LastSwiftUpdateCheck = 1430;
				LastUpgradeCheck = 1430;
				TargetAttributes = {
					C7C9825F2A67E90E0092B237 = {
						CreatedOnToolsVersion = 14.3.1;
					};
					C7C9826F2A67E90F0092B237 = {
						CreatedOnToolsVersion = 14.3.1;
						TestTargetID = C7C9825F2A67E90E0092B237;
					};
					C7C982792A67E90F0092B237 = {
						CreatedOnToolsVersion = 14.3.1;
						TestTargetID = C7C9825F2A67E90E0092B237;
					};
				};
			};
			buildConfigurationList = C7C9825B2A67E90E0092B237 /* Build configuration list for PBXProject "FamilyBudget" */;
			compatibilityVersion = "Xcode 14.0";
			developmentRegion = en;
			hasScannedForEncodings = 0;
			knownRegions = (
				en,
				Base,
			);
			mainGroup = C7C982572A67E90E0092B237;
			packageReferences = (
				89924C882A9488E000ECD4AF /* XCRemoteSwiftPackageReference "SwiftGenPlugin" */,
				895514422A94C06C00594A42 /* XCRemoteSwiftPackageReference "firebase-ios-sdk" */,
			);
			productRefGroup = C7C982612A67E90E0092B237 /* Products */;
			projectDirPath = "";
			projectRoot = "";
			targets = (
				C7C9825F2A67E90E0092B237 /* FamilyBudget */,
				C7C9826F2A67E90F0092B237 /* FamilyBudgetTests */,
				C7C982792A67E90F0092B237 /* FamilyBudgetUITests */,
			);
		};
/* End PBXProject section */

/* Begin PBXResourcesBuildPhase section */
		C7C9825E2A67E90E0092B237 /* Resources */ = {
			isa = PBXResourcesBuildPhase;
			buildActionMask = 2147483647;
			files = (
				C7C9826B2A67E90F0092B237 /* Preview Assets.xcassets in Resources */,
				C7C982682A67E90F0092B237 /* Assets.xcassets in Resources */,
				8955145C2A94C20700594A42 /* GoogleService-Info.plist in Resources */,
			);
			runOnlyForDeploymentPostprocessing = 0;
		};
		C7C9826E2A67E90F0092B237 /* Resources */ = {
			isa = PBXResourcesBuildPhase;
			buildActionMask = 2147483647;
			files = (
			);
			runOnlyForDeploymentPostprocessing = 0;
		};
		C7C982782A67E90F0092B237 /* Resources */ = {
			isa = PBXResourcesBuildPhase;
			buildActionMask = 2147483647;
			files = (
			);
			runOnlyForDeploymentPostprocessing = 0;
		};
/* End PBXResourcesBuildPhase section */

/* Begin PBXSourcesBuildPhase section */
		C7C9825C2A67E90E0092B237 /* Sources */ = {
			isa = PBXSourcesBuildPhase;
			buildActionMask = 2147483647;
			files = (
				C7C982662A67E90E0092B237 /* ContentView.swift in Sources */,
				C7C982642A67E90E0092B237 /* FamilyBudgetApp.swift in Sources */,
			);
			runOnlyForDeploymentPostprocessing = 0;
		};
		C7C9826C2A67E90F0092B237 /* Sources */ = {
			isa = PBXSourcesBuildPhase;
			buildActionMask = 2147483647;
			files = (
				C7C982752A67E90F0092B237 /* FamilyBudgetTests.swift in Sources */,
			);
			runOnlyForDeploymentPostprocessing = 0;
		};
		C7C982762A67E90F0092B237 /* Sources */ = {
			isa = PBXSourcesBuildPhase;
			buildActionMask = 2147483647;
			files = (
				C7C9827F2A67E90F0092B237 /* FamilyBudgetUITests.swift in Sources */,
				C7C982812A67E90F0092B237 /* FamilyBudgetUITestsLaunchTests.swift in Sources */,
			);
			runOnlyForDeploymentPostprocessing = 0;
		};
/* End PBXSourcesBuildPhase section */

/* Begin PBXTargetDependency section */
		C7C982722A67E90F0092B237 /* PBXTargetDependency */ = {
			isa = PBXTargetDependency;
			target = C7C9825F2A67E90E0092B237 /* FamilyBudget */;
			targetProxy = C7C982712A67E90F0092B237 /* PBXContainerItemProxy */;
		};
		C7C9827C2A67E90F0092B237 /* PBXTargetDependency */ = {
			isa = PBXTargetDependency;
			target = C7C9825F2A67E90E0092B237 /* FamilyBudget */;
			targetProxy = C7C9827B2A67E90F0092B237 /* PBXContainerItemProxy */;
		};
/* End PBXTargetDependency section */

/* Begin XCBuildConfiguration section */
		C7C982822A67E90F0092B237 /* Debug */ = {
			isa = XCBuildConfiguration;
			buildSettings = {
				ALWAYS_SEARCH_USER_PATHS = NO;
				CLANG_ANALYZER_NONNULL = YES;
				CLANG_ANALYZER_NUMBER_OBJECT_CONVERSION = YES_AGGRESSIVE;
				CLANG_CXX_LANGUAGE_STANDARD = "gnu++20";
				CLANG_ENABLE_MODULES = YES;
				CLANG_ENABLE_OBJC_ARC = YES;
				CLANG_ENABLE_OBJC_WEAK = YES;
				CLANG_WARN_BLOCK_CAPTURE_AUTORELEASING = YES;
				CLANG_WARN_BOOL_CONVERSION = YES;
				CLANG_WARN_COMMA = YES;
				CLANG_WARN_CONSTANT_CONVERSION = YES;
				CLANG_WARN_DEPRECATED_OBJC_IMPLEMENTATIONS = YES;
				CLANG_WARN_DIRECT_OBJC_ISA_USAGE = YES_ERROR;
				CLANG_WARN_DOCUMENTATION_COMMENTS = YES;
				CLANG_WARN_EMPTY_BODY = YES;
				CLANG_WARN_ENUM_CONVERSION = YES;
				CLANG_WARN_INFINITE_RECURSION = YES;
				CLANG_WARN_INT_CONVERSION = YES;
				CLANG_WARN_NON_LITERAL_NULL_CONVERSION = YES;
				CLANG_WARN_OBJC_IMPLICIT_RETAIN_SELF = YES;
				CLANG_WARN_OBJC_LITERAL_CONVERSION = YES;
				CLANG_WARN_OBJC_ROOT_CLASS = YES_ERROR;
				CLANG_WARN_QUOTED_INCLUDE_IN_FRAMEWORK_HEADER = YES;
				CLANG_WARN_RANGE_LOOP_ANALYSIS = YES;
				CLANG_WARN_STRICT_PROTOTYPES = YES;
				CLANG_WARN_SUSPICIOUS_MOVE = YES;
				CLANG_WARN_UNGUARDED_AVAILABILITY = YES_AGGRESSIVE;
				CLANG_WARN_UNREACHABLE_CODE = YES;
				CLANG_WARN__DUPLICATE_METHOD_MATCH = YES;
				COPY_PHASE_STRIP = NO;
				DEBUG_INFORMATION_FORMAT = dwarf;
				ENABLE_STRICT_OBJC_MSGSEND = YES;
				ENABLE_TESTABILITY = YES;
				GCC_C_LANGUAGE_STANDARD = gnu11;
				GCC_DYNAMIC_NO_PIC = NO;
				GCC_NO_COMMON_BLOCKS = YES;
				GCC_OPTIMIZATION_LEVEL = 0;
				GCC_PREPROCESSOR_DEFINITIONS = (
					"DEBUG=1",
					"$(inherited)",
				);
				GCC_WARN_64_TO_32_BIT_CONVERSION = YES;
				GCC_WARN_ABOUT_RETURN_TYPE = YES_ERROR;
				GCC_WARN_UNDECLARED_SELECTOR = YES;
				GCC_WARN_UNINITIALIZED_AUTOS = YES_AGGRESSIVE;
				GCC_WARN_UNUSED_FUNCTION = YES;
				GCC_WARN_UNUSED_VARIABLE = YES;
				IPHONEOS_DEPLOYMENT_TARGET = 16.4;
				MTL_ENABLE_DEBUG_INFO = INCLUDE_SOURCE;
				MTL_FAST_MATH = YES;
				ONLY_ACTIVE_ARCH = YES;
				SDKROOT = iphoneos;
				SWIFT_ACTIVE_COMPILATION_CONDITIONS = DEBUG;
				SWIFT_OPTIMIZATION_LEVEL = "-Onone";
			};
			name = Debug;
		};
		C7C982832A67E90F0092B237 /* Release */ = {
			isa = XCBuildConfiguration;
			buildSettings = {
				ALWAYS_SEARCH_USER_PATHS = NO;
				CLANG_ANALYZER_NONNULL = YES;
				CLANG_ANALYZER_NUMBER_OBJECT_CONVERSION = YES_AGGRESSIVE;
				CLANG_CXX_LANGUAGE_STANDARD = "gnu++20";
				CLANG_ENABLE_MODULES = YES;
				CLANG_ENABLE_OBJC_ARC = YES;
				CLANG_ENABLE_OBJC_WEAK = YES;
				CLANG_WARN_BLOCK_CAPTURE_AUTORELEASING = YES;
				CLANG_WARN_BOOL_CONVERSION = YES;
				CLANG_WARN_COMMA = YES;
				CLANG_WARN_CONSTANT_CONVERSION = YES;
				CLANG_WARN_DEPRECATED_OBJC_IMPLEMENTATIONS = YES;
				CLANG_WARN_DIRECT_OBJC_ISA_USAGE = YES_ERROR;
				CLANG_WARN_DOCUMENTATION_COMMENTS = YES;
				CLANG_WARN_EMPTY_BODY = YES;
				CLANG_WARN_ENUM_CONVERSION = YES;
				CLANG_WARN_INFINITE_RECURSION = YES;
				CLANG_WARN_INT_CONVERSION = YES;
				CLANG_WARN_NON_LITERAL_NULL_CONVERSION = YES;
				CLANG_WARN_OBJC_IMPLICIT_RETAIN_SELF = YES;
				CLANG_WARN_OBJC_LITERAL_CONVERSION = YES;
				CLANG_WARN_OBJC_ROOT_CLASS = YES_ERROR;
				CLANG_WARN_QUOTED_INCLUDE_IN_FRAMEWORK_HEADER = YES;
				CLANG_WARN_RANGE_LOOP_ANALYSIS = YES;
				CLANG_WARN_STRICT_PROTOTYPES = YES;
				CLANG_WARN_SUSPICIOUS_MOVE = YES;
				CLANG_WARN_UNGUARDED_AVAILABILITY = YES_AGGRESSIVE;
				CLANG_WARN_UNREACHABLE_CODE = YES;
				CLANG_WARN__DUPLICATE_METHOD_MATCH = YES;
				COPY_PHASE_STRIP = NO;
				DEBUG_INFORMATION_FORMAT = "dwarf-with-dsym";
				ENABLE_NS_ASSERTIONS = NO;
				ENABLE_STRICT_OBJC_MSGSEND = YES;
				GCC_C_LANGUAGE_STANDARD = gnu11;
				GCC_NO_COMMON_BLOCKS = YES;
				GCC_WARN_64_TO_32_BIT_CONVERSION = YES;
				GCC_WARN_ABOUT_RETURN_TYPE = YES_ERROR;
				GCC_WARN_UNDECLARED_SELECTOR = YES;
				GCC_WARN_UNINITIALIZED_AUTOS = YES_AGGRESSIVE;
				GCC_WARN_UNUSED_FUNCTION = YES;
				GCC_WARN_UNUSED_VARIABLE = YES;
				IPHONEOS_DEPLOYMENT_TARGET = 16.4;
				MTL_ENABLE_DEBUG_INFO = NO;
				MTL_FAST_MATH = YES;
				SDKROOT = iphoneos;
				SWIFT_COMPILATION_MODE = wholemodule;
				SWIFT_OPTIMIZATION_LEVEL = "-O";
				VALIDATE_PRODUCT = YES;
			};
			name = Release;
		};
		C7C982852A67E90F0092B237 /* Debug */ = {
			isa = XCBuildConfiguration;
			buildSettings = {
				ASSETCATALOG_COMPILER_APPICON_NAME = AppIcon;
				ASSETCATALOG_COMPILER_GLOBAL_ACCENT_COLOR_NAME = AccentColor;
				CODE_SIGN_STYLE = Automatic;
				CURRENT_PROJECT_VERSION = 1;
				DEVELOPMENT_ASSET_PATHS = "\"FamilyBudget/Preview Content\"";
				DEVELOPMENT_TEAM = G3X3Y83455;
				ENABLE_PREVIEWS = YES;
				GENERATE_INFOPLIST_FILE = YES;
				INFOPLIST_KEY_UIApplicationSceneManifest_Generation = YES;
				INFOPLIST_KEY_UIApplicationSupportsIndirectInputEvents = YES;
				INFOPLIST_KEY_UILaunchScreen_Generation = YES;
				INFOPLIST_KEY_UISupportedInterfaceOrientations_iPad = "UIInterfaceOrientationPortrait UIInterfaceOrientationPortraitUpsideDown UIInterfaceOrientationLandscapeLeft UIInterfaceOrientationLandscapeRight";
				INFOPLIST_KEY_UISupportedInterfaceOrientations_iPhone = "UIInterfaceOrientationPortrait UIInterfaceOrientationLandscapeLeft UIInterfaceOrientationLandscapeRight";
				LD_RUNPATH_SEARCH_PATHS = (
					"$(inherited)",
					"@executable_path/Frameworks",
				);
				MARKETING_VERSION = 1.0;
				PRODUCT_BUNDLE_IDENTIFIER = com.mouri.familyBudget;
				PRODUCT_NAME = "$(TARGET_NAME)";
				SWIFT_EMIT_LOC_STRINGS = YES;
				SWIFT_VERSION = 5.0;
				TARGETED_DEVICE_FAMILY = "1,2";
			};
			name = Debug;
		};
		C7C982862A67E90F0092B237 /* Release */ = {
			isa = XCBuildConfiguration;
			buildSettings = {
				ASSETCATALOG_COMPILER_APPICON_NAME = AppIcon;
				ASSETCATALOG_COMPILER_GLOBAL_ACCENT_COLOR_NAME = AccentColor;
				CODE_SIGN_STYLE = Automatic;
				CURRENT_PROJECT_VERSION = 1;
				DEVELOPMENT_ASSET_PATHS = "\"FamilyBudget/Preview Content\"";
				DEVELOPMENT_TEAM = G3X3Y83455;
				ENABLE_PREVIEWS = YES;
				GENERATE_INFOPLIST_FILE = YES;
				INFOPLIST_KEY_UIApplicationSceneManifest_Generation = YES;
				INFOPLIST_KEY_UIApplicationSupportsIndirectInputEvents = YES;
				INFOPLIST_KEY_UILaunchScreen_Generation = YES;
				INFOPLIST_KEY_UISupportedInterfaceOrientations_iPad = "UIInterfaceOrientationPortrait UIInterfaceOrientationPortraitUpsideDown UIInterfaceOrientationLandscapeLeft UIInterfaceOrientationLandscapeRight";
				INFOPLIST_KEY_UISupportedInterfaceOrientations_iPhone = "UIInterfaceOrientationPortrait UIInterfaceOrientationLandscapeLeft UIInterfaceOrientationLandscapeRight";
				LD_RUNPATH_SEARCH_PATHS = (
					"$(inherited)",
					"@executable_path/Frameworks",
				);
				MARKETING_VERSION = 1.0;
				PRODUCT_BUNDLE_IDENTIFIER = com.mouri.familyBudget;
				PRODUCT_NAME = "$(TARGET_NAME)";
				SWIFT_EMIT_LOC_STRINGS = YES;
				SWIFT_VERSION = 5.0;
				TARGETED_DEVICE_FAMILY = "1,2";
			};
			name = Release;
		};
		C7C982882A67E90F0092B237 /* Debug */ = {
			isa = XCBuildConfiguration;
			buildSettings = {
				ALWAYS_EMBED_SWIFT_STANDARD_LIBRARIES = YES;
				BUNDLE_LOADER = "$(TEST_HOST)";
				CODE_SIGN_STYLE = Automatic;
				CURRENT_PROJECT_VERSION = 1;
				DEVELOPMENT_TEAM = G3X3Y83455;
				GENERATE_INFOPLIST_FILE = YES;
				IPHONEOS_DEPLOYMENT_TARGET = 16.4;
				MARKETING_VERSION = 1.0;
				PRODUCT_BUNDLE_IDENTIFIER = Sreekanth.FamilyBudgetTests;
				PRODUCT_NAME = "$(TARGET_NAME)";
				SWIFT_EMIT_LOC_STRINGS = NO;
				SWIFT_VERSION = 5.0;
				TARGETED_DEVICE_FAMILY = "1,2";
				TEST_HOST = "$(BUILT_PRODUCTS_DIR)/FamilyBudget.app/$(BUNDLE_EXECUTABLE_FOLDER_PATH)/FamilyBudget";
			};
			name = Debug;
		};
		C7C982892A67E90F0092B237 /* Release */ = {
			isa = XCBuildConfiguration;
			buildSettings = {
				ALWAYS_EMBED_SWIFT_STANDARD_LIBRARIES = YES;
				BUNDLE_LOADER = "$(TEST_HOST)";
				CODE_SIGN_STYLE = Automatic;
				CURRENT_PROJECT_VERSION = 1;
				DEVELOPMENT_TEAM = G3X3Y83455;
				GENERATE_INFOPLIST_FILE = YES;
				IPHONEOS_DEPLOYMENT_TARGET = 16.4;
				MARKETING_VERSION = 1.0;
				PRODUCT_BUNDLE_IDENTIFIER = Sreekanth.FamilyBudgetTests;
				PRODUCT_NAME = "$(TARGET_NAME)";
				SWIFT_EMIT_LOC_STRINGS = NO;
				SWIFT_VERSION = 5.0;
				TARGETED_DEVICE_FAMILY = "1,2";
				TEST_HOST = "$(BUILT_PRODUCTS_DIR)/FamilyBudget.app/$(BUNDLE_EXECUTABLE_FOLDER_PATH)/FamilyBudget";
			};
			name = Release;
		};
		C7C9828B2A67E90F0092B237 /* Debug */ = {
			isa = XCBuildConfiguration;
			buildSettings = {
				ALWAYS_EMBED_SWIFT_STANDARD_LIBRARIES = YES;
				CODE_SIGN_STYLE = Automatic;
				CURRENT_PROJECT_VERSION = 1;
				DEVELOPMENT_TEAM = G3X3Y83455;
				GENERATE_INFOPLIST_FILE = YES;
				MARKETING_VERSION = 1.0;
				PRODUCT_BUNDLE_IDENTIFIER = Sreekanth.FamilyBudgetUITests;
				PRODUCT_NAME = "$(TARGET_NAME)";
				SWIFT_EMIT_LOC_STRINGS = NO;
				SWIFT_VERSION = 5.0;
				TARGETED_DEVICE_FAMILY = "1,2";
				TEST_TARGET_NAME = FamilyBudget;
			};
			name = Debug;
		};
		C7C9828C2A67E90F0092B237 /* Release */ = {
			isa = XCBuildConfiguration;
			buildSettings = {
				ALWAYS_EMBED_SWIFT_STANDARD_LIBRARIES = YES;
				CODE_SIGN_STYLE = Automatic;
				CURRENT_PROJECT_VERSION = 1;
				DEVELOPMENT_TEAM = G3X3Y83455;
				GENERATE_INFOPLIST_FILE = YES;
				MARKETING_VERSION = 1.0;
				PRODUCT_BUNDLE_IDENTIFIER = Sreekanth.FamilyBudgetUITests;
				PRODUCT_NAME = "$(TARGET_NAME)";
				SWIFT_EMIT_LOC_STRINGS = NO;
				SWIFT_VERSION = 5.0;
				TARGETED_DEVICE_FAMILY = "1,2";
				TEST_TARGET_NAME = FamilyBudget;
			};
			name = Release;
		};
/* End XCBuildConfiguration section */

/* Begin XCConfigurationList section */
		C7C9825B2A67E90E0092B237 /* Build configuration list for PBXProject "FamilyBudget" */ = {
			isa = XCConfigurationList;
			buildConfigurations = (
				C7C982822A67E90F0092B237 /* Debug */,
				C7C982832A67E90F0092B237 /* Release */,
			);
			defaultConfigurationIsVisible = 0;
			defaultConfigurationName = Release;
		};
		C7C982842A67E90F0092B237 /* Build configuration list for PBXNativeTarget "FamilyBudget" */ = {
			isa = XCConfigurationList;
			buildConfigurations = (
				C7C982852A67E90F0092B237 /* Debug */,
				C7C982862A67E90F0092B237 /* Release */,
			);
			defaultConfigurationIsVisible = 0;
			defaultConfigurationName = Release;
		};
		C7C982872A67E90F0092B237 /* Build configuration list for PBXNativeTarget "FamilyBudgetTests" */ = {
			isa = XCConfigurationList;
			buildConfigurations = (
				C7C982882A67E90F0092B237 /* Debug */,
				C7C982892A67E90F0092B237 /* Release */,
			);
			defaultConfigurationIsVisible = 0;
			defaultConfigurationName = Release;
		};
		C7C9828A2A67E90F0092B237 /* Build configuration list for PBXNativeTarget "FamilyBudgetUITests" */ = {
			isa = XCConfigurationList;
			buildConfigurations = (
				C7C9828B2A67E90F0092B237 /* Debug */,
				C7C9828C2A67E90F0092B237 /* Release */,
			);
			defaultConfigurationIsVisible = 0;
			defaultConfigurationName = Release;
		};
/* End XCConfigurationList section */

/* Begin XCRemoteSwiftPackageReference section */
		895514422A94C06C00594A42 /* XCRemoteSwiftPackageReference "firebase-ios-sdk" */ = {
			isa = XCRemoteSwiftPackageReference;
			repositoryURL = "https://github.com/firebase/firebase-ios-sdk.git";
			requirement = {
				kind = upToNextMajorVersion;
				minimumVersion = 10.0.0;
			};
		};
		89924C882A9488E000ECD4AF /* XCRemoteSwiftPackageReference "SwiftGenPlugin" */ = {
			isa = XCRemoteSwiftPackageReference;
			repositoryURL = "https://github.com/SwiftGen/SwiftGenPlugin";
			requirement = {
				kind = upToNextMajorVersion;
				minimumVersion = 6.0.0;
			};
		};
/* End XCRemoteSwiftPackageReference section */

/* Begin XCSwiftPackageProductDependency section */
		895514432A94C06C00594A42 /* FirebaseAnalytics */ = {
			isa = XCSwiftPackageProductDependency;
			package = 895514422A94C06C00594A42 /* XCRemoteSwiftPackageReference "firebase-ios-sdk" */;
			productName = FirebaseAnalytics;
		};
		895514452A94C06C00594A42 /* FirebaseAnalyticsSwift */ = {
			isa = XCSwiftPackageProductDependency;
			package = 895514422A94C06C00594A42 /* XCRemoteSwiftPackageReference "firebase-ios-sdk" */;
			productName = FirebaseAnalyticsSwift;
		};
		895514472A94C06C00594A42 /* FirebaseAuth */ = {
			isa = XCSwiftPackageProductDependency;
			package = 895514422A94C06C00594A42 /* XCRemoteSwiftPackageReference "firebase-ios-sdk" */;
			productName = FirebaseAuth;
		};
		895514492A94C06C00594A42 /* FirebaseCrashlytics */ = {
			isa = XCSwiftPackageProductDependency;
			package = 895514422A94C06C00594A42 /* XCRemoteSwiftPackageReference "firebase-ios-sdk" */;
			productName = FirebaseCrashlytics;
		};
		8955144B2A94C06C00594A42 /* FirebaseDatabase */ = {
			isa = XCSwiftPackageProductDependency;
			package = 895514422A94C06C00594A42 /* XCRemoteSwiftPackageReference "firebase-ios-sdk" */;
			productName = FirebaseDatabase;
		};
		8955144D2A94C06C00594A42 /* FirebaseDatabaseSwift */ = {
			isa = XCSwiftPackageProductDependency;
			package = 895514422A94C06C00594A42 /* XCRemoteSwiftPackageReference "firebase-ios-sdk" */;
			productName = FirebaseDatabaseSwift;
		};
		8955144F2A94C06C00594A42 /* FirebaseFirestore */ = {
			isa = XCSwiftPackageProductDependency;
			package = 895514422A94C06C00594A42 /* XCRemoteSwiftPackageReference "firebase-ios-sdk" */;
			productName = FirebaseFirestore;
		};
		895514512A94C06C00594A42 /* FirebaseFirestoreSwift */ = {
			isa = XCSwiftPackageProductDependency;
			package = 895514422A94C06C00594A42 /* XCRemoteSwiftPackageReference "firebase-ios-sdk" */;
			productName = FirebaseFirestoreSwift;
		};
		895514532A94C06C00594A42 /* FirebaseRemoteConfig */ = {
			isa = XCSwiftPackageProductDependency;
			package = 895514422A94C06C00594A42 /* XCRemoteSwiftPackageReference "firebase-ios-sdk" */;
			productName = FirebaseRemoteConfig;
		};
		895514552A94C06C00594A42 /* FirebaseRemoteConfigSwift */ = {
			isa = XCSwiftPackageProductDependency;
			package = 895514422A94C06C00594A42 /* XCRemoteSwiftPackageReference "firebase-ios-sdk" */;
			productName = FirebaseRemoteConfigSwift;
		};
/* End XCSwiftPackageProductDependency section */
	};
	rootObject = C7C982582A67E90E0092B237 /* Project object */;
}
